# This file is automatically @generated by Cargo.
# It is not intended for manual editing.
version = 4

[[package]]
name = "ahash"
version = "0.7.8"
source = "registry+https://github.com/rust-lang/crates.io-index"
checksum = "891477e0c6a8957309ee5c45a6368af3ae14bb510732d2684ffa19af310920f9"
dependencies = [
 "getrandom",
 "once_cell",
 "version_check",
]

[[package]]
name = "arrayvec"
version = "0.5.2"
source = "registry+https://github.com/rust-lang/crates.io-index"
checksum = "23b62fc65de8e4e7f52534fb52b0f3ed04746ae267519eef2a83941e8085068b"

[[package]]
name = "arrayvec"
version = "0.7.6"
source = "registry+https://github.com/rust-lang/crates.io-index"
checksum = "7c02d123df017efcdfbd739ef81735b36c5ba83ec3c59c80a9d7ecc718f92e50"

[[package]]
name = "autocfg"
version = "1.4.0"
source = "registry+https://github.com/rust-lang/crates.io-index"
checksum = "ace50bade8e6234aa140d9a2f552bbee1db4d353f69b8217bc503490fc1a9f26"

[[package]]
name = "block-buffer"
version = "0.9.0"
source = "registry+https://github.com/rust-lang/crates.io-index"
checksum = "4152116fd6e9dadb291ae18fc1ec3575ed6d84c29642d97890f4b4a3417297e4"
dependencies = [
 "block-padding",
 "generic-array",
]

[[package]]
name = "block-padding"
version = "0.2.1"
source = "registry+https://github.com/rust-lang/crates.io-index"
checksum = "8d696c370c750c948ada61c69a0ee2cbbb9c50b1019ddb86d9317157a99c2cae"

[[package]]
name = "cfg-if"
version = "0.1.10"
source = "registry+https://github.com/rust-lang/crates.io-index"
checksum = "4785bdd1c96b2a846b2bd7cc02e86b6b3dbf14e7e53446c4f54c92a361040822"

[[package]]
name = "cfg-if"
version = "1.0.0"
source = "registry+https://github.com/rust-lang/crates.io-index"
checksum = "baf1de4339761588bc0619e3cbc0120ee582ebb74b53b4efbf79117bd2da40fd"

[[package]]
name = "cpufeatures"
version = "0.2.16"
source = "registry+https://github.com/rust-lang/crates.io-index"
checksum = "16b80225097f2e5ae4e7179dd2266824648f3e2f49d9134d584b76389d31c4c3"
dependencies = [
 "libc",
]

[[package]]
name = "digest"
version = "0.9.0"
source = "registry+https://github.com/rust-lang/crates.io-index"
checksum = "d3dd60d1080a57a05ab032377049e0591415d2b31afd7028356dbf3cc6dcb066"
dependencies = [
 "generic-array",
]

[[package]]
name = "elrond-codec"
version = "0.5.3"
source = "registry+https://github.com/rust-lang/crates.io-index"
checksum = "2525cc5f69991e57ee79d5418df845b14b7001d00125e9aab8d9f817ae71e728"
dependencies = [
 "arrayvec 0.5.2",
 "elrond-codec-derive 0.5.3",
 "wee_alloc",
]

[[package]]
name = "elrond-codec"
version = "0.7.0"
source = "registry+https://github.com/rust-lang/crates.io-index"
checksum = "a828c5006c2ffbc55b98dbbc82118d10fea6ce7cb5169e3d860f2ef0b19829fe"
dependencies = [
 "arrayvec 0.7.6",
 "elrond-codec-derive 0.7.0",
 "wee_alloc",
]

[[package]]
name = "elrond-codec-derive"
version = "0.5.3"
source = "registry+https://github.com/rust-lang/crates.io-index"
checksum = "4375abd7c6ce74e15faaaef8b592a7e8a46b4343cb38c64f30a1ea424660751c"
dependencies = [
 "hex",
 "proc-macro2",
 "quote",
 "syn 1.0.109",
]

[[package]]
name = "elrond-codec-derive"
version = "0.7.0"
source = "registry+https://github.com/rust-lang/crates.io-index"
checksum = "5859863d5d5b842a98354f4398606bd18da462df48a7ad144b8b3cfbcfaa600e"
dependencies = [
 "hex",
 "proc-macro2",
 "quote",
 "syn 1.0.109",
]

[[package]]
name = "elrond-wasm"
version = "0.17.4"
source = "registry+https://github.com/rust-lang/crates.io-index"
checksum = "bb3e2c99c4bf53007898526804a850eece89d79caa4982de6cb932d43a2ba9d3"
dependencies = [
 "arrayvec 0.7.6",
 "elrond-codec 0.5.3",
 "hashbrown",
 "hex-literal",
 "wee_alloc",
]

[[package]]
name = "elrond-wasm"
version = "0.20.1"
source = "registry+https://github.com/rust-lang/crates.io-index"
checksum = "75d82b6d8d7d7db24f89196dd5ac388d28c5cf824e44df2b61846271f330c3f7"
dependencies = [
 "arrayvec 0.7.6",
 "elrond-codec 0.7.0",
 "elrond-wasm-derive 0.20.1",
 "hashbrown",
 "hex-literal",
 "wee_alloc",
]

[[package]]
name = "elrond-wasm-debug"
version = "0.17.4"
source = "registry+https://github.com/rust-lang/crates.io-index"
checksum = "4c5c48a354a03a57faebdf6aa24cd71768f0e01180d2c8bdb67b09331411da81"
dependencies = [
 "elrond-wasm 0.17.4",
 "hex",
 "mandos 0.7.2",
 "num-bigint",
 "num-traits",
 "serde",
 "serde_json",
 "sha2",
 "sha3",
]

[[package]]
name = "elrond-wasm-debug"
version = "0.20.1"
source = "registry+https://github.com/rust-lang/crates.io-index"
checksum = "a2b8d70b694fbaa401b718a22dd1c886407312cf3116581a3d313f76cbab4e55"
dependencies = [
 "elrond-wasm 0.20.1",
 "hex",
 "mandos 0.10.0",
 "num-bigint",
 "num-traits",
 "rustc_version",
 "serde",
 "serde_json",
 "sha2",
 "sha3",
]

[[package]]
name = "elrond-wasm-derive"
version = "0.17.4"
source = "registry+https://github.com/rust-lang/crates.io-index"
checksum = "602e0a363aa623cfc79ba1be002adec0f3f6225225af639d4acc4491ac2ddeb0"
dependencies = [
 "hex",
 "proc-macro2",
 "quote",
 "syn 1.0.109",
]

[[package]]
name = "elrond-wasm-derive"
version = "0.20.1"
source = "registry+https://github.com/rust-lang/crates.io-index"
checksum = "695dcbc6d4226e289261cadd13e5c3e8714b4c270b0e2a1e7da3763c14b7816b"
dependencies = [
 "hex",
 "proc-macro2",
 "quote",
 "radix_trie",
 "syn 1.0.109",
]

[[package]]
name = "elrond-wasm-node"
version = "0.17.4"
source = "registry+https://github.com/rust-lang/crates.io-index"
checksum = "9019f413e892b7de27db4d6b8afde3b0c034b1261fcc722159fc6eb15eafcfe2"
dependencies = [
 "elrond-wasm 0.17.4",
]

[[package]]
name = "elrond-wasm-node"
version = "0.20.1"
source = "registry+https://github.com/rust-lang/crates.io-index"
checksum = "3ecf4bcfd57fd1ecee7f663e783077d5cd76fb5c0f3061b63925b23011d85a0f"
dependencies = [
 "elrond-wasm 0.20.1",
]

[[package]]
name = "endian-type"
version = "0.1.2"
source = "registry+https://github.com/rust-lang/crates.io-index"
checksum = "c34f04666d835ff5d62e058c3995147c06f42fe86ff053337632bca83e42702d"

[[package]]
name = "generic-array"
version = "0.14.7"
source = "registry+https://github.com/rust-lang/crates.io-index"
checksum = "85649ca51fd72272d7821adaf274ad91c288277713d9c18820d8499a7ff69e9a"
dependencies = [
 "typenum",
 "version_check",
]

[[package]]
name = "getrandom"
version = "0.2.15"
source = "registry+https://github.com/rust-lang/crates.io-index"
checksum = "c4567c8db10ae91089c99af84c68c38da3ec2f087c3f82960bcdbf3656b6f4d7"
dependencies = [
 "cfg-if 1.0.0",
 "libc",
 "wasi",
]

[[package]]
name = "hashbrown"
version = "0.11.2"
source = "registry+https://github.com/rust-lang/crates.io-index"
checksum = "ab5ef0d4909ef3724cc8cce6ccc8572c5c817592e9285f5464f8e86f8bd3726e"
dependencies = [
 "ahash",
]

[[package]]
name = "hex"
version = "0.4.3"
source = "registry+https://github.com/rust-lang/crates.io-index"
checksum = "7f24254aa9a54b5c858eaee2f5bccdb46aaf0e486a595ed5fd8f86ba55232a70"

[[package]]
name = "hex-literal"
version = "0.3.4"
source = "registry+https://github.com/rust-lang/crates.io-index"
checksum = "7ebdb29d2ea9ed0083cd8cece49bbd968021bd99b0849edb4a9a7ee0fdf6a4e0"

[[package]]
name = "itoa"
version = "1.0.14"
source = "registry+https://github.com/rust-lang/crates.io-index"
checksum = "d75a2a4b1b190afb6f5425f10f6a8f959d2ea0b9c2b1d79553551850539e4674"

[[package]]
name = "keccak"
version = "0.1.5"
source = "registry+https://github.com/rust-lang/crates.io-index"
checksum = "ecc2af9a1119c51f12a14607e783cb977bde58bc069ff0c3da1095e635d70654"
dependencies = [
 "cpufeatures",
]

[[package]]
name = "libc"
version = "0.2.166"
source = "registry+https://github.com/rust-lang/crates.io-index"
checksum = "c2ccc108bbc0b1331bd061864e7cd823c0cab660bbe6970e66e2c0614decde36"

[[package]]
name = "liquidity-pool"
version = "0.0.1"
dependencies = [
 "elrond-wasm 0.17.4",
 "elrond-wasm-debug 0.17.4",
 "elrond-wasm-derive 0.17.4",
 "elrond-wasm-node 0.17.4",
]

[[package]]
name = "lock-rewards"
version = "0.0.1"
dependencies = [
 "elrond-wasm 0.17.4",
 "elrond-wasm-debug 0.17.4",
 "elrond-wasm-derive 0.17.4",
 "elrond-wasm-node 0.17.4",
]

[[package]]
name = "mandos"
version = "0.7.2"
source = "registry+https://github.com/rust-lang/crates.io-index"
checksum = "b55d97152041a55f172641606acb2bddd965017a37fb98c979b3c3a537047d22"
dependencies = [
 "hex",
 "num-bigint",
 "num-traits",
 "serde",
 "serde_json",
 "sha3",
]

[[package]]
name = "mandos"
version = "0.10.0"
source = "registry+https://github.com/rust-lang/crates.io-index"
checksum = "d88e5ec03ece5d629f06727750719e0ebe6fe5f067a80807a0c7e3fb7837da93"
dependencies = [
 "hex",
 "num-bigint",
 "num-traits",
 "serde",
 "serde_json",
 "sha3",
]

[[package]]
name = "memchr"
version = "2.7.4"
source = "registry+https://github.com/rust-lang/crates.io-index"
checksum = "78ca9ab1a0babb1e7d5695e3530886289c18cf2f87ec19a575a0abdce112e3a3"

[[package]]
name = "memory_units"
version = "0.4.0"
source = "registry+https://github.com/rust-lang/crates.io-index"
checksum = "8452105ba047068f40ff7093dd1d9da90898e63dd61736462e9cdda6a90ad3c3"

[[package]]
name = "nibble_vec"
version = "0.0.4"
source = "registry+https://github.com/rust-lang/crates.io-index"
checksum = "c8d77f3db4bce033f4d04db08079b2ef1c3d02b44e86f25d08886fafa7756ffa"

[[package]]
name = "num-bigint"
version = "0.4.6"
source = "registry+https://github.com/rust-lang/crates.io-index"
checksum = "a5e44f723f1133c9deac646763579fdb3ac745e418f2a7af9cd0c431da1f20b9"
dependencies = [
 "num-integer",
 "num-traits",
]

[[package]]
name = "num-integer"
version = "0.1.46"
source = "registry+https://github.com/rust-lang/crates.io-index"
checksum = "7969661fd2958a5cb096e56c8e1ad0444ac2bbcd0061bd28660485a44879858f"
dependencies = [
 "num-traits",
]

[[package]]
name = "num-traits"
version = "0.2.19"
source = "registry+https://github.com/rust-lang/crates.io-index"
checksum = "071dfc062690e90b734c0b2273ce72ad0ffa95f0c74596bc250dcfd960262841"
dependencies = [
 "autocfg",
]

[[package]]
name = "once_cell"
version = "1.20.2"
source = "registry+https://github.com/rust-lang/crates.io-index"
checksum = "1261fe7e33c73b354eab43b1273a57c8f967d0391e80353e51f764ac02cf6775"

[[package]]
name = "opaque-debug"
version = "0.3.1"
source = "registry+https://github.com/rust-lang/crates.io-index"
checksum = "c08d65885ee38876c4f86fa503fb49d7b507c2b62552df7c70b2fce627e06381"

[[package]]
name = "price-aggregator-proxy"
version = "0.0.0"
source = "git+https://github.com/ElrondNetwork/sc-chainlink-rs?rev=8817a46#8817a46c9b7aa1994bf4d3d64db380847e830c58"
dependencies = [
 "elrond-wasm 0.20.1",
]

[[package]]
name = "proc-macro2"
version = "1.0.92"
source = "registry+https://github.com/rust-lang/crates.io-index"
checksum = "37d3544b3f2748c54e147655edb5025752e2303145b5aefb3c3ea2c78b973bb0"
dependencies = [
 "unicode-ident",
]

[[package]]
name = "quote"
version = "1.0.37"
source = "registry+https://github.com/rust-lang/crates.io-index"
checksum = "b5b9d34b8991d19d98081b46eacdd8eb58c6f2b201139f7c5f643cc155a633af"
dependencies = [
 "proc-macro2",
]

[[package]]
name = "radix_trie"
version = "0.1.6"
source = "registry+https://github.com/rust-lang/crates.io-index"
checksum = "3d3681b28cd95acfb0560ea9441f82d6a4504fa3b15b97bd7b6e952131820e95"
dependencies = [
 "endian-type",
 "nibble_vec",
]

[[package]]
name = "rustc_version"
version = "0.4.1"
source = "registry+https://github.com/rust-lang/crates.io-index"
checksum = "cfcb3a22ef46e85b45de6ee7e79d063319ebb6594faafcf1c225ea92ab6e9b92"
dependencies = [
 "semver",
]

[[package]]
name = "ryu"
version = "1.0.18"
source = "registry+https://github.com/rust-lang/crates.io-index"
checksum = "f3cb5ba0dc43242ce17de99c180e96db90b235b8a9fdc9543c96d2209116bd9f"

[[package]]
name = "semver"
version = "1.0.23"
source = "registry+https://github.com/rust-lang/crates.io-index"
checksum = "61697e0a1c7e512e84a621326239844a24d8207b4669b41bc18b32ea5cbf988b"

[[package]]
name = "serde"
version = "1.0.215"
source = "registry+https://github.com/rust-lang/crates.io-index"
checksum = "6513c1ad0b11a9376da888e3e0baa0077f1aed55c17f50e7b2397136129fb88f"
dependencies = [
 "serde_derive",
]

[[package]]
name = "serde_derive"
version = "1.0.215"
source = "registry+https://github.com/rust-lang/crates.io-index"
checksum = "ad1e866f866923f252f05c889987993144fb74e722403468a4ebd70c3cd756c0"
dependencies = [
 "proc-macro2",
 "quote",
 "syn 2.0.89",
]

[[package]]
name = "serde_json"
version = "1.0.133"
source = "registry+https://github.com/rust-lang/crates.io-index"
checksum = "c7fceb2473b9166b2294ef05efcb65a3db80803f0b03ef86a5fc88a2b85ee377"
dependencies = [
 "itoa",
 "memchr",
 "ryu",
 "serde",
]

[[package]]
name = "sha2"
version = "0.9.9"
source = "registry+https://github.com/rust-lang/crates.io-index"
checksum = "4d58a1e1bf39749807d89cf2d98ac2dfa0ff1cb3faa38fbb64dd88ac8013d800"
dependencies = [
 "block-buffer",
 "cfg-if 1.0.0",
 "cpufeatures",
 "digest",
 "opaque-debug",
]

[[package]]
name = "sha3"
version = "0.9.1"
source = "registry+https://github.com/rust-lang/crates.io-index"
checksum = "f81199417d4e5de3f04b1e871023acea7389672c4135918f05aa9cbf2f2fa809"
dependencies = [
 "block-buffer",
 "digest",
 "keccak",
 "opaque-debug",
]

[[package]]
name = "stablecoin-v2"
version = "0.0.0"
dependencies = [
 "elrond-wasm 0.20.1",
 "elrond-wasm-debug 0.20.1",
 "elrond-wasm-node 0.20.1",
 "price-aggregator-proxy",
]

[[package]]
name = "stablecoin-v2-abi"
version = "0.0.0"
dependencies = [
 "elrond-wasm 0.20.1",
 "elrond-wasm-debug 0.20.1",
 "stablecoin-v2",
]

[[package]]
name = "syn"
version = "1.0.109"
source = "registry+https://github.com/rust-lang/crates.io-index"
checksum = "72b64191b275b66ffe2469e8af2c1cfe3bafa67b529ead792a6d0160888b4237"
dependencies = [
 "proc-macro2",
 "quote",
 "unicode-ident",
]

[[package]]
name = "syn"
version = "2.0.89"
source = "registry+https://github.com/rust-lang/crates.io-index"
checksum = "44d46482f1c1c87acd84dea20c1bf5ebff4c757009ed6bf19cfd36fb10e92c4e"
dependencies = [
 "proc-macro2",
 "quote",
 "unicode-ident",
]

[[package]]
name = "typenum"
version = "1.17.0"
source = "registry+https://github.com/rust-lang/crates.io-index"
checksum = "42ff0bf0c66b8238c6f3b578df37d0b7848e55df8577b3f74f92a69acceeb825"

[[package]]
name = "unicode-ident"
version = "1.0.14"
source = "registry+https://github.com/rust-lang/crates.io-index"
checksum = "adb9e6ca4f869e1180728b7950e35922a7fc6397f7b641499e8f3ef06e50dc83"

[[package]]
name = "version_check"
version = "0.9.5"
source = "registry+https://github.com/rust-lang/crates.io-index"
checksum = "0b928f33d975fc6ad9f86c8f283853ad26bdd5b10b7f1542aa2fa15e2289105a"

[[package]]
name = "wasi"
version = "0.11.0+wasi-snapshot-preview1"
source = "registry+https://github.com/rust-lang/crates.io-index"
checksum = "9c8d87e72b64a3b4db28d11ce29237c246188f4f51057d65a7eab63b7987e423"

[[package]]
name = "wee_alloc"
version = "0.4.5"
source = "registry+https://github.com/rust-lang/crates.io-index"
checksum = "dbb3b5a6b2bb17cb6ad44a2e68a43e8d2722c997da10e928665c72ec6c0a0b8e"
dependencies = [
 "cfg-if 0.1.10",
 "libc",
 "memory_units",
 "winapi",
]

[[package]]
name = "winapi"
version = "0.3.9"
source = "registry+https://github.com/rust-lang/crates.io-index"
checksum = "5c839a674fcd7a98952e593242ea400abe93992746761e38641405d28b00f419"
dependencies = [
 "winapi-i686-pc-windows-gnu",
 "winapi-x86_64-pc-windows-gnu",
]

[[package]]
name = "winapi-i686-pc-windows-gnu"
version = "0.4.0"
source = "registry+https://github.com/rust-lang/crates.io-index"
checksum = "ac3b87c63620426dd9b991e5ce0329eff545bccbbb34f3be09ff6fb6ab51b7b6"

[[package]]
name = "winapi-x86_64-pc-windows-gnu"
version = "0.4.0"
source = "registry+https://github.com/rust-lang/crates.io-index"
checksum = "712e227841d057c1ee1cd2fb22fa7e5a5461ae8e48fa2ca79ec42cfc1931183f"
